
Microsoft Visual Studio Solution File, Format Version 12.00
# Visual Studio Version 16
VisualStudioVersion = 16.0.30011.22
MinimumVisualStudioVersion = 10.0.40219.1
Project("{9A19103F-16F7-4668-BE54-9A1E7A4F7556}") = "DomainLayer", "Data\DomainLayer.csproj", "{E923BB29-5342-4AD3-9A9B-35A166DA598F}"
EndProject
Project("{9A19103F-16F7-4668-BE54-9A1E7A4F7556}") = "RepositoryLayer", "Repo\RepositoryLayer.csproj", "{72C7670E-0F70-41A8-B8E0-0AEB9F0B3C00}"
EndProject
Project("{9A19103F-16F7-4668-BE54-9A1E7A4F7556}") = "ServiceLayer", "Service\ServiceLayer.csproj", "{17B5ADA5-234E-40FF-A358-A2B0D37936ED}"
EndProject
Project("{9A19103F-16F7-4668-BE54-9A1E7A4F7556}") = "WebApp", "WebApp\WebApp.csproj", "{C6DA9658-0CFC-485C-AB7A-BA5EFB829235}"
EndProject
Global
	GlobalSection(SolutionConfigurationPlatforms) = preSolution
		Debug|Any CPU = Debug|Any CPU
		Release|Any CPU = Release|Any CPU
	EndGlobalSection
	GlobalSection(ProjectConfigurationPlatforms) = postSolution
		{E923BB29-5342-4AD3-9A9B-35A166DA598F}.Debug|Any CPU.ActiveCfg = Debug|Any CPU
		{E923BB29-5342-4AD3-9A9B-35A166DA598F}.Debug|Any CPU.Build.0 = Debug|Any CPU
		{E923BB29-5342-4AD3-9A9B-35A166DA598F}.Release|Any CPU.ActiveCfg = Release|Any CPU
		{E923BB29-5342-4AD3-9A9B-35A166DA598F}.Release|Any CPU.Build.0 = Release|Any CPU
		{72C7670E-0F70-41A8-B8E0-0AEB9F0B3C00}.Debug|Any CPU.ActiveCfg = Debug|Any CPU
		{72C7670E-0F70-41A8-B8E0-0AEB9F0B3C00}.Debug|Any CPU.Build.0 = Debug|Any CPU
		{72C7670E-0F70-41A8-B8E0-0AEB9F0B3C00}.Release|Any CPU.ActiveCfg = Release|Any CPU
		{72C7670E-0F70-41A8-B8E0-0AEB9F0B3C00}.Release|Any CPU.Build.0 = Release|Any CPU
		{17B5ADA5-234E-40FF-A358-A2B0D37936ED}.Debug|Any CPU.ActiveCfg = Debug|Any CPU
		{17B5ADA5-234E-40FF-A358-A2B0D37936ED}.Debug|Any CPU.Build.0 = Debug|Any CPU
		{17B5ADA5-234E-40FF-A358-A2B0D37936ED}.Release|Any CPU.ActiveCfg = Release|Any CPU
		{17B5ADA5-234E-40FF-A358-A2B0D37936ED}.Release|Any CPU.Build.0 = Release|Any CPU
		{C6DA9658-0CFC-485C-AB7A-BA5EFB829235}.Debug|Any CPU.ActiveCfg = Debug|Any CPU
		{C6DA9658-0CFC-485C-AB7A-BA5EFB829235}.Debug|Any CPU.Build.0 = Debug|Any CPU
		{C6DA9658-0CFC-485C-AB7A-BA5EFB829235}.Release|Any CPU.ActiveCfg = Release|Any CPU
		{C6DA9658-0CFC-485C-AB7A-BA5EFB829235}.Release|Any CPU.Build.0 = Release|Any CPU
	EndGlobalSection
	GlobalSection(SolutionProperties) = preSolution
		HideSolutionNode = FALSE
	EndGlobalSection
	GlobalSection(ExtensibilityGlobals) = postSolution
		SolutionGuid = {015D7DF3-3FBE-4545-AEDB-B51FDBA20B38}
	EndGlobalSection
EndGlobal
